
Microsoft Visual Studio Solution File, Format Version 12.00
# Visual Studio Version 16
VisualStudioVersion = 16.0.31129.286
MinimumVisualStudioVersion = 10.0.40219.1
Project("{8BC9CEB8-8B4A-11D0-8D11-00A0C91BC942}") = "Text Analizer", "Text Analizer\Text Analizer.vcxproj", "{AAF97FA0-D2B7-4C18-9BC5-57C6B85EA303}"
EndProject
Global
	GlobalSection(SolutionConfigurationPlatforms) = preSolution
		Debug|x64 = Debug|x64
		Debug|x86 = Debug|x86
		Release|x64 = Release|x64
		Release|x86 = Release|x86
	EndGlobalSection
	GlobalSection(ProjectConfigurationPlatforms) = postSolution
		{AAF97FA0-D2B7-4C18-9BC5-57C6B85EA303}.Debug|x64.ActiveCfg = Debug|x64
		{AAF97FA0-D2B7-4C18-9BC5-57C6B85EA303}.Debug|x64.Build.0 = Debug|x64
		{AAF97FA0-D2B7-4C18-9BC5-57C6B85EA303}.Debug|x86.ActiveCfg = Debug|Win32
		{AAF97FA0-D2B7-4C18-9BC5-57C6B85EA303}.Debug|x86.Build.0 = Debug|Win32
		{AAF97FA0-D2B7-4C18-9BC5-57C6B85EA303}.Release|x64.ActiveCfg = Release|x64
		{AAF97FA0-D2B7-4C18-9BC5-57C6B85EA303}.Release|x64.Build.0 = Release|x64
		{AAF97FA0-D2B7-4C18-9BC5-57C6B85EA303}.Release|x86.ActiveCfg = Release|Win32
		{AAF97FA0-D2B7-4C18-9BC5-57C6B85EA303}.Release|x86.Build.0 = Release|Win32
	EndGlobalSection
	GlobalSection(SolutionProperties) = preSolution
		HideSolutionNode = FALSE
	EndGlobalSection
	GlobalSection(ExtensibilityGlobals) = postSolution
		SolutionGuid = {C2CA41F0-A7AA-4AE4-974D-AE8F40DE526C}
	EndGlobalSection
EndGlobal
